
Microsoft Visual Studio Solution File, Format Version 12.00
# Visual Studio Version 16
VisualStudioVersion = 16.0.30114.105
MinimumVisualStudioVersion = 10.0.40219.1
Project("{8BC9CEB8-8B4A-11D0-8D11-00A0C91BC942}") = "ArchSyst2", "ArchSyst2.vcxproj", "{FDBFD764-348F-4693-8237-6DC86C37ABCF}"
EndProject
Global
	GlobalSection(SolutionConfigurationPlatforms) = preSolution
		Debug|x64 = Debug|x64
		Debug|x86 = Debug|x86
		Release|x64 = Release|x64
		Release|x86 = Release|x86
	EndGlobalSection
	GlobalSection(ProjectConfigurationPlatforms) = postSolution
		{FDBFD764-348F-4693-8237-6DC86C37ABCF}.Debug|x64.ActiveCfg = Debug|x64
		{FDBFD764-348F-4693-8237-6DC86C37ABCF}.Debug|x64.Build.0 = Debug|x64
		{FDBFD764-348F-4693-8237-6DC86C37ABCF}.Debug|x86.ActiveCfg = Debug|Win32
		{FDBFD764-348F-4693-8237-6DC86C37ABCF}.Debug|x86.Build.0 = Debug|Win32
		{FDBFD764-348F-4693-8237-6DC86C37ABCF}.Release|x64.ActiveCfg = Release|x64
		{FDBFD764-348F-4693-8237-6DC86C37ABCF}.Release|x64.Build.0 = Release|x64
		{FDBFD764-348F-4693-8237-6DC86C37ABCF}.Release|x86.ActiveCfg = Release|Win32
		{FDBFD764-348F-4693-8237-6DC86C37ABCF}.Release|x86.Build.0 = Release|Win32
	EndGlobalSection
	GlobalSection(SolutionProperties) = preSolution
		HideSolutionNode = FALSE
	EndGlobalSection
	GlobalSection(ExtensibilityGlobals) = postSolution
		SolutionGuid = {58F1D66B-1532-49F0-895C-3C5AFEF5136C}
	EndGlobalSection
EndGlobal
